
Microsoft Visual Studio Solution File, Format Version 12.00
# Visual Studio Version 16
VisualStudioVersion = 16.0.33130.400
MinimumVisualStudioVersion = 10.0.40219.1
Project("{FAE04EC0-301F-11D3-BF4B-00C04F79EFBC}") = "f2ft", "f2ft\f2ft.csproj", "{84A2DF35-6A9F-46A0-8F92-A5AAE6034153}"
EndProject
Global
	GlobalSection(SolutionConfigurationPlatforms) = preSolution
		Debug|Any CPU = Debug|Any CPU
		Release|Any CPU = Release|Any CPU
	EndGlobalSection
	GlobalSection(ProjectConfigurationPlatforms) = postSolution
		{84A2DF35-6A9F-46A0-8F92-A5AAE6034153}.Debug|Any CPU.ActiveCfg = Debug|Any CPU
		{84A2DF35-6A9F-46A0-8F92-A5AAE6034153}.Debug|Any CPU.Build.0 = Debug|Any CPU
		{84A2DF35-6A9F-46A0-8F92-A5AAE6034153}.Release|Any CPU.ActiveCfg = Release|Any CPU
		{84A2DF35-6A9F-46A0-8F92-A5AAE6034153}.Release|Any CPU.Build.0 = Release|Any CPU
	EndGlobalSection
	GlobalSection(SolutionProperties) = preSolution
		HideSolutionNode = FALSE
	EndGlobalSection
	GlobalSection(ExtensibilityGlobals) = postSolution
		SolutionGuid = {BFBB0C50-194A-4300-8403-F09F9F0E81F5}
	EndGlobalSection
EndGlobal
